
Microsoft Visual Studio Solution File, Format Version 12.00
# Visual Studio 2013
VisualStudioVersion = 12.0.30723.0
MinimumVisualStudioVersion = 10.0.40219.1
Project("{FAE04EC0-301F-11D3-BF4B-00C04F79EFBC}") = "Doc Sys", "Doc Sys\Doc Sys.csproj", "{6769F756-A4CD-453D-A547-3A9ECE3C5FEF}"
EndProject
Global
	GlobalSection(SolutionConfigurationPlatforms) = preSolution
		Debug|Any CPU = Debug|Any CPU
		Release|Any CPU = Release|Any CPU
	EndGlobalSection
	GlobalSection(ProjectConfigurationPlatforms) = postSolution
		{6769F756-A4CD-453D-A547-3A9ECE3C5FEF}.Debug|Any CPU.ActiveCfg = Debug|Any CPU
		{6769F756-A4CD-453D-A547-3A9ECE3C5FEF}.Debug|Any CPU.Build.0 = Debug|Any CPU
		{6769F756-A4CD-453D-A547-3A9ECE3C5FEF}.Release|Any CPU.ActiveCfg = Release|Any CPU
		{6769F756-A4CD-453D-A547-3A9ECE3C5FEF}.Release|Any CPU.Build.0 = Release|Any CPU
	EndGlobalSection
	GlobalSection(SolutionProperties) = preSolution
		HideSolutionNode = FALSE
	EndGlobalSection
EndGlobal
